
Microsoft Visual Studio Solution File, Format Version 12.00
# Visual Studio Version 17
VisualStudioVersion = 17.3.32804.467
MinimumVisualStudioVersion = 10.0.40219.1
Project("{FAE04EC0-301F-11D3-BF4B-00C04F79EFBC}") = "WAD Assignment SF", "WAD Assignment SF.csproj", "{119DB40A-1B27-4E7A-94B5-E8A7AA228192}"
EndProject
Global
	GlobalSection(SolutionConfigurationPlatforms) = preSolution
		Debug|Any CPU = Debug|Any CPU
		Release|Any CPU = Release|Any CPU
	EndGlobalSection
	GlobalSection(ProjectConfigurationPlatforms) = postSolution
		{119DB40A-1B27-4E7A-94B5-E8A7AA228192}.Debug|Any CPU.ActiveCfg = Debug|Any CPU
		{119DB40A-1B27-4E7A-94B5-E8A7AA228192}.Debug|Any CPU.Build.0 = Debug|Any CPU
		{119DB40A-1B27-4E7A-94B5-E8A7AA228192}.Release|Any CPU.ActiveCfg = Release|Any CPU
		{119DB40A-1B27-4E7A-94B5-E8A7AA228192}.Release|Any CPU.Build.0 = Release|Any CPU
	EndGlobalSection
	GlobalSection(SolutionProperties) = preSolution
		HideSolutionNode = FALSE
	EndGlobalSection
	GlobalSection(ExtensibilityGlobals) = postSolution
		SolutionGuid = {FFC8C733-8E80-47B9-B4AD-CFBE410D8510}
	EndGlobalSection
EndGlobal
